
Microsoft Visual Studio Solution File, Format Version 12.00
# Visual Studio Version 17
VisualStudioVersion = 17.7.34202.233
MinimumVisualStudioVersion = 10.0.40219.1
Project("{FAE04EC0-301F-11D3-BF4B-00C04F79EFBC}") = "L4CS", "L4CS.csproj", "{438DC822-0624-4C95-BF88-FAAAC3F09740}"
EndProject
Global
	GlobalSection(SolutionConfigurationPlatforms) = preSolution
		Debug|Any CPU = Debug|Any CPU
		Release|Any CPU = Release|Any CPU
	EndGlobalSection
	GlobalSection(ProjectConfigurationPlatforms) = postSolution
		{438DC822-0624-4C95-BF88-FAAAC3F09740}.Debug|Any CPU.ActiveCfg = Debug|Any CPU
		{438DC822-0624-4C95-BF88-FAAAC3F09740}.Debug|Any CPU.Build.0 = Debug|Any CPU
		{438DC822-0624-4C95-BF88-FAAAC3F09740}.Release|Any CPU.ActiveCfg = Release|Any CPU
		{438DC822-0624-4C95-BF88-FAAAC3F09740}.Release|Any CPU.Build.0 = Release|Any CPU
	EndGlobalSection
	GlobalSection(SolutionProperties) = preSolution
		HideSolutionNode = FALSE
	EndGlobalSection
	GlobalSection(ExtensibilityGlobals) = postSolution
		SolutionGuid = {6B200252-74B4-4B45-9439-A6C9FC7758D2}
	EndGlobalSection
EndGlobal
